PODS:
  - SDWebImage (5.6.1):
    - SDWebImage/Core (= 5.6.1)
  - SDWebImage/Core (5.6.1)
  - SwiftSoup (2.3.0)

DEPENDENCIES:
  - SDWebImage (~> 5.0)
  - SwiftSoup

SPEC REPOS:
  trunk:
    - SDWebImage
    - SwiftSoup

SPEC CHECKSUMS:
  SDWebImage: 7edb9c3ea661e77a66661f7f044de8c1b55d1120
  SwiftSoup: d78683f7ea0ae5733225a9e1d3bee5b256449df4

PODFILE CHECKSUM: 0c358936f37ab34877c1b8b6f1adcacf524bfcd9

COCOAPODS: 1.8.4
